
Microsoft Visual Studio Solution File, Format Version 12.00
# Visual Studio Version 17
VisualStudioVersion = 17.14.36221.1 d17.14
MinimumVisualStudioVersion = 10.0.40219.1
Project("{FAE04EC0-301F-11D3-BF4B-00C04F79EFBC}") = "Dynamic Form Builder", "Dynamic Form Builder.csproj", "{A68CFF6B-2F6C-48DC-A1B4-88EDDF27CE9F}"
EndProject
Global
	GlobalSection(SolutionConfigurationPlatforms) = preSolution
		Debug|Any CPU = Debug|Any CPU
		Release|Any CPU = Release|Any CPU
	EndGlobalSection
	GlobalSection(ProjectConfigurationPlatforms) = postSolution
		{A68CFF6B-2F6C-48DC-A1B4-88EDDF27CE9F}.Debug|Any CPU.ActiveCfg = Debug|Any CPU
		{A68CFF6B-2F6C-48DC-A1B4-88EDDF27CE9F}.Debug|Any CPU.Build.0 = Debug|Any CPU
		{A68CFF6B-2F6C-48DC-A1B4-88EDDF27CE9F}.Release|Any CPU.ActiveCfg = Release|Any CPU
		{A68CFF6B-2F6C-48DC-A1B4-88EDDF27CE9F}.Release|Any CPU.Build.0 = Release|Any CPU
	EndGlobalSection
	GlobalSection(SolutionProperties) = preSolution
		HideSolutionNode = FALSE
	EndGlobalSection
	GlobalSection(ExtensibilityGlobals) = postSolution
		SolutionGuid = {D101712C-5A76-4100-8EF5-5C4E260B9785}
	EndGlobalSection
EndGlobal
